# THIS IS AN AUTOGENERATED FILE. DO NOT EDIT THIS FILE DIRECTLY.
# yarn lockfile v1


"@babel/code-frame@^7.0.0", "@babel/code-frame@^7.5.5":
  version "7.5.5"
  resolved "https://registry.yarnpkg.com/@babel/code-frame/-/code-frame-7.5.5.tgz#bc0782f6d69f7b7d49531219699b988f669a8f9d"
  dependencies:
    "@babel/highlight" "^7.0.0"

"@babel/core@^7.7.5":
  version "7.7.5"
  resolved "https://registry.yarnpkg.com/@babel/core/-/core-7.7.5.tgz#ae1323cd035b5160293307f50647e83f8ba62f7e"
  dependencies:
    "@babel/code-frame" "^7.5.5"
    "@babel/generator" "^7.7.4"
    "@babel/helpers" "^7.7.4"
    "@babel/parser" "^7.7.5"
    "@babel/template" "^7.7.4"
    "@babel/traverse" "^7.7.4"
    "@babel/types" "^7.7.4"
    convert-source-map "^1.7.0"
    debug "^4.1.0"
    json5 "^2.1.0"
    lodash "^4.17.13"
    resolve "^1.3.2"
    semver "^5.4.1"
    source-map "^0.5.0"

"@babel/generator@^7.7.4":
  version "7.7.4"
  resolved "https://registry.yarnpkg.com/@babel/generator/-/generator-7.7.4.tgz#db651e2840ca9aa66f327dcec1dc5f5fa9611369"
  dependencies:
    "@babel/types" "^7.7.4"
    jsesc "^2.5.1"
    lodash "^4.17.13"
    source-map "^0.5.0"

"@babel/helper-annotate-as-pure@^7.7.4":
  version "7.7.4"
  resolved "https://registry.yarnpkg.com/@babel/helper-annotate-as-pure/-/helper-annotate-as-pure-7.7.4.tgz#bb3faf1e74b74bd547e867e48f551fa6b098b6ce"
  dependencies:
    "@babel/types" "^7.7.4"

"@babel/helper-builder-binary-assignment-operator-visitor@^7.7.4":
  version "7.7.4"
  resolved "https://registry.yarnpkg.com/@babel/helper-builder-binary-assignment-operator-visitor/-/helper-builder-binary-assignment-operator-visitor-7.7.4.tgz#5f73f2b28580e224b5b9bd03146a4015d6217f5f"
  dependencies:
    "@babel/helper-explode-assignable-expression" "^7.7.4"
    "@babel/types" "^7.7.4"

"@babel/helper-call-delegate@^7.7.4":
  version "7.7.4"
  resolved "https://registry.yarnpkg.com/@babel/helper-call-delegate/-/helper-call-delegate-7.7.4.tgz#621b83e596722b50c0066f9dc37d3232e461b801"
  dependencies:
    "@babel/helper-hoist-variables" "^7.7.4"
    "@babel/traverse" "^7.7.4"
    "@babel/types" "^7.7.4"

"@babel/helper-create-class-features-plugin@^7.7.4":
  version "7.7.4"
  resolved "https://registry.yarnpkg.com/@babel/helper-create-class-features-plugin/-/helper-create-class-features-plugin-7.7.4.tgz#fce60939fd50618610942320a8d951b3b639da2d"
  dependencies:
    "@babel/helper-function-name" "^7.7.4"
    "@babel/helper-member-expression-to-functions" "^7.7.4"
    "@babel/helper-optimise-call-expression" "^7.7.4"
    "@babel/helper-plugin-utils" "^7.0.0"
    "@babel/helper-replace-supers" "^7.7.4"
    "@babel/helper-split-export-declaration" "^7.7.4"

"@babel/helper-create-regexp-features-plugin@^7.7.4":
  version "7.7.4"
  resolved "https://registry.yarnpkg.com/@babel/helper-create-regexp-features-plugin/-/helper-create-regexp-features-plugin-7.7.4.tgz#6d5762359fd34f4da1500e4cff9955b5299aaf59"
  dependencies:
    "@babel/helper-regex" "^7.4.4"
    regexpu-core "^4.6.0"

"@babel/helper-define-map@^7.7.4":
  version "7.7.4"
  resolved "https://registry.yarnpkg.com/@babel/helper-define-map/-/helper-define-map-7.7.4.tgz#2841bf92eb8bd9c906851546fe6b9d45e162f176"
  dependencies:
    "@babel/helper-function-name" "^7.7.4"
    "@babel/types" "^7.7.4"
    lodash "^4.17.13"

"@babel/helper-explode-assignable-expression@^7.7.4":
  version "7.7.4"
  resolved "https://registry.yarnpkg.com/@babel/helper-explode-assignable-expression/-/helper-explode-assignable-expression-7.7.4.tgz#fa700878e008d85dc51ba43e9fb835cddfe05c84"
  dependencies:
    "@babel/traverse" "^7.7.4"
    "@babel/types" "^7.7.4"

"@babel/helper-function-name@^7.7.4":
  version "7.7.4"
  resolved "https://registry.yarnpkg.com/@babel/helper-function-name/-/helper-function-name-7.7.4.tgz#ab6e041e7135d436d8f0a3eca15de5b67a341a2e"
  dependencies:
    "@babel/helper-get-function-arity" "^7.7.4"
    "@babel/template" "^7.7.4"
    "@babel/types" "^7.7.4"

"@babel/helper-get-function-arity@^7.7.4":
  version "7.7.4"
  resolved "https://registry.yarnpkg.com/@babel/helper-get-function-arity/-/helper-get-function-arity-7.7.4.tgz#cb46348d2f8808e632f0ab048172130e636005f0"
  dependencies:
    "@babel/types" "^7.7.4"

"@babel/helper-hoist-variables@^7.7.4":
  version "7.7.4"
  resolved "https://registry.yarnpkg.com/@babel/helper-hoist-variables/-/helper-hoist-variables-7.7.4.tgz#612384e3d823fdfaaf9fce31550fe5d4db0f3d12"
  dependencies:
    "@babel/types" "^7.7.4"

"@babel/helper-member-expression-to-functions@^7.7.4":
  version "7.7.4"
  resolved "https://registry.yarnpkg.com/@babel/helper-member-expression-to-functions/-/helper-member-expression-to-functions-7.7.4.tgz#356438e2569df7321a8326644d4b790d2122cb74"
  dependencies:
    "@babel/types" "^7.7.4"

"@babel/helper-module-imports@^7.0.0", "@babel/helper-module-imports@^7.7.4":
  version "7.7.4"
  resolved "https://registry.yarnpkg.com/@babel/helper-module-imports/-/helper-module-imports-7.7.4.tgz#e5a92529f8888bf319a6376abfbd1cebc491ad91"
  dependencies:
    "@babel/types" "^7.7.4"

"@babel/helper-module-transforms@^7.7.4", "@babel/helper-module-transforms@^7.7.5":
  version "7.7.5"
  resolved "https://registry.yarnpkg.com/@babel/helper-module-transforms/-/helper-module-transforms-7.7.5.tgz#d044da7ffd91ec967db25cd6748f704b6b244835"
  dependencies:
    "@babel/helper-module-imports" "^7.7.4"
    "@babel/helper-simple-access" "^7.7.4"
    "@babel/helper-split-export-declaration" "^7.7.4"
    "@babel/template" "^7.7.4"
    "@babel/types" "^7.7.4"
    lodash "^4.17.13"

"@babel/helper-optimise-call-expression@^7.7.4":
  version "7.7.4"
  resolved "https://registry.yarnpkg.com/@babel/helper-optimise-call-expression/-/helper-optimise-call-expression-7.7.4.tgz#034af31370d2995242aa4df402c3b7794b2dcdf2"
  dependencies:
    "@babel/types" "^7.7.4"

"@babel/helper-plugin-utils@^7.0.0":
  version "7.0.0"
  resolved "https://registry.yarnpkg.com/@babel/helper-plugin-utils/-/helper-plugin-utils-7.0.0.tgz#bbb3fbee98661c569034237cc03967ba99b4f250"

"@babel/helper-regex@^7.0.0", "@babel/helper-regex@^7.4.4":
  version "7.5.5"
  resolved "https://registry.yarnpkg.com/@babel/helper-regex/-/helper-regex-7.5.5.tgz#0aa6824f7100a2e0e89c1527c23936c152cab351"
  dependencies:
    lodash "^4.17.13"

"@babel/helper-remap-async-to-generator@^7.7.4":
  version "7.7.4"
  resolved "https://registry.yarnpkg.com/@babel/helper-remap-async-to-generator/-/helper-remap-async-to-generator-7.7.4.tgz#c68c2407350d9af0e061ed6726afb4fff16d0234"
  dependencies:
    "@babel/helper-annotate-as-pure" "^7.7.4"
    "@babel/helper-wrap-function" "^7.7.4"
    "@babel/template" "^7.7.4"
    "@babel/traverse" "^7.7.4"
    "@babel/types" "^7.7.4"

"@babel/helper-replace-supers@^7.7.4":
  version "7.7.4"
  resolved "https://registry.yarnpkg.com/@babel/helper-replace-supers/-/helper-replace-supers-7.7.4.tgz#3c881a6a6a7571275a72d82e6107126ec9e2cdd2"
  dependencies:
    "@babel/helper-member-expression-to-functions" "^7.7.4"
    "@babel/helper-optimise-call-expression" "^7.7.4"
    "@babel/traverse" "^7.7.4"
    "@babel/types" "^7.7.4"

"@babel/helper-simple-access@^7.7.4":
  version "7.7.4"
  resolved "https://registry.yarnpkg.com/@babel/helper-simple-access/-/helper-simple-access-7.7.4.tgz#a169a0adb1b5f418cfc19f22586b2ebf58a9a294"
  dependencies:
    "@babel/template" "^7.7.4"
    "@babel/types" "^7.7.4"

"@babel/helper-split-export-declaration@^7.7.4":
  version "7.7.4"
  resolved "https://registry.yarnpkg.com/@babel/helper-split-export-declaration/-/helper-split-export-declaration-7.7.4.tgz#57292af60443c4a3622cf74040ddc28e68336fd8"
  dependencies:
    "@babel/types" "^7.7.4"

"@babel/helper-wrap-function@^7.7.4":
  version "7.7.4"
  resolved "https://registry.yarnpkg.com/@babel/helper-wrap-function/-/helper-wrap-function-7.7.4.tgz#37ab7fed5150e22d9d7266e830072c0cdd8baace"
  dependencies:
    "@babel/helper-function-name" "^7.7.4"
    "@babel/template" "^7.7.4"
    "@babel/traverse" "^7.7.4"
    "@babel/types" "^7.7.4"

"@babel/helpers@^7.7.4":
  version "7.7.4"
  resolved "https://registry.yarnpkg.com/@babel/helpers/-/helpers-7.7.4.tgz#62c215b9e6c712dadc15a9a0dcab76c92a940302"
  dependencies:
    "@babel/template" "^7.7.4"
    "@babel/traverse" "^7.7.4"
    "@babel/types" "^7.7.4"

"@babel/highlight@^7.0.0":
  version "7.5.0"
  resolved "https://registry.yarnpkg.com/@babel/highlight/-/highlight-7.5.0.tgz#56d11312bd9248fa619591d02472be6e8cb32540"
  dependencies:
    chalk "^2.0.0"
    esutils "^2.0.2"
    js-tokens "^4.0.0"

"@babel/parser@^7.7.4", "@babel/parser@^7.7.5":
  version "7.7.5"
  resolved "https://registry.yarnpkg.com/@babel/parser/-/parser-7.7.5.tgz#cbf45321619ac12d83363fcf9c94bb67fa646d71"

"@babel/plugin-proposal-async-generator-functions@^7.7.4":
  version "7.7.4"
  resolved "https://registry.yarnpkg.com/@babel/plugin-proposal-async-generator-functions/-/plugin-proposal-async-generator-functions-7.7.4.tgz#0351c5ac0a9e927845fffd5b82af476947b7ce6d"
  dependencies:
    "@babel/helper-plugin-utils" "^7.0.0"
    "@babel/helper-remap-async-to-generator" "^7.7.4"
    "@babel/plugin-syntax-async-generators" "^7.7.4"

"@babel/plugin-proposal-class-properties@^7.7.4":
  version "7.7.4"
  resolved "https://registry.yarnpkg.com/@babel/plugin-proposal-class-properties/-/plugin-proposal-class-properties-7.7.4.tgz#2f964f0cb18b948450362742e33e15211e77c2ba"
  dependencies:
    "@babel/helper-create-class-features-plugin" "^7.7.4"
    "@babel/helper-plugin-utils" "^7.0.0"

"@babel/plugin-proposal-dynamic-import@^7.7.4":
  version "7.7.4"
  resolved "https://registry.yarnpkg.com/@babel/plugin-proposal-dynamic-import/-/plugin-proposal-dynamic-import-7.7.4.tgz#dde64a7f127691758cbfed6cf70de0fa5879d52d"
  dependencies:
    "@babel/helper-plugin-utils" "^7.0.0"
    "@babel/plugin-syntax-dynamic-import" "^7.7.4"

"@babel/plugin-proposal-json-strings@^7.7.4":
  version "7.7.4"
  resolved "https://registry.yarnpkg.com/@babel/plugin-proposal-json-strings/-/plugin-proposal-json-strings-7.7.4.tgz#7700a6bfda771d8dc81973249eac416c6b4c697d"
  dependencies:
    "@babel/helper-plugin-utils" "^7.0.0"
    "@babel/plugin-syntax-json-strings" "^7.7.4"

"@babel/plugin-proposal-object-rest-spread@^7.7.4":
  version "7.7.4"
  resolved "https://registry.yarnpkg.com/@babel/plugin-proposal-object-rest-spread/-/plugin-proposal-object-rest-spread-7.7.4.tgz#cc57849894a5c774214178c8ab64f6334ec8af71"
  dependencies:
    "@babel/helper-plugin-utils" "^7.0.0"
    "@babel/plugin-syntax-object-rest-spread" "^7.7.4"

"@babel/plugin-proposal-optional-catch-binding@^7.7.4":
  version "7.7.4"
  resolved "https://registry.yarnpkg.com/@babel/plugin-proposal-optional-catch-binding/-/plugin-proposal-optional-catch-binding-7.7.4.tgz#ec21e8aeb09ec6711bc0a39ca49520abee1de379"
  dependencies:
    "@babel/helper-plugin-utils" "^7.0.0"
    "@babel/plugin-syntax-optional-catch-binding" "^7.7.4"

"@babel/plugin-proposal-unicode-property-regex@^7.7.4":
  version "7.7.4"
  resolved "https://registry.yarnpkg.com/@babel/plugin-proposal-unicode-property-regex/-/plugin-proposal-unicode-property-regex-7.7.4.tgz#7c239ccaf09470dbe1d453d50057460e84517ebb"
  dependencies:
    "@babel/helper-create-regexp-features-plugin" "^7.7.4"
    "@babel/helper-plugin-utils" "^7.0.0"

"@babel/plugin-syntax-async-generators@^7.7.4":
  version "7.7.4"
  resolved "https://registry.yarnpkg.com/@babel/plugin-syntax-async-generators/-/plugin-syntax-async-generators-7.7.4.tgz#331aaf310a10c80c44a66b238b6e49132bd3c889"
  dependencies:
    "@babel/helper-plugin-utils" "^7.0.0"

"@babel/plugin-syntax-dynamic-import@^7.7.4":
  version "7.7.4"
  resolved "https://registry.yarnpkg.com/@babel/plugin-syntax-dynamic-import/-/plugin-syntax-dynamic-import-7.7.4.tgz#29ca3b4415abfe4a5ec381e903862ad1a54c3aec"
  dependencies:
    "@babel/helper-plugin-utils" "^7.0.0"

"@babel/plugin-syntax-json-strings@^7.7.4":
  version "7.7.4"
  resolved "https://registry.yarnpkg.com/@babel/plugin-syntax-json-strings/-/plugin-syntax-json-strings-7.7.4.tgz#86e63f7d2e22f9e27129ac4e83ea989a382e86cc"
  dependencies:
    "@babel/helper-plugin-utils" "^7.0.0"

"@babel/plugin-syntax-object-rest-spread@^7.7.4":
  version "7.7.4"
  resolved "https://registry.yarnpkg.com/@babel/plugin-syntax-object-rest-spread/-/plugin-syntax-object-rest-spread-7.7.4.tgz#47cf220d19d6d0d7b154304701f468fc1cc6ff46"
  dependencies:
    "@babel/helper-plugin-utils" "^7.0.0"

"@babel/plugin-syntax-optional-catch-binding@^7.7.4":
  version "7.7.4"
  resolved "https://registry.yarnpkg.com/@babel/plugin-syntax-optional-catch-binding/-/plugin-syntax-optional-catch-binding-7.7.4.tgz#a3e38f59f4b6233867b4a92dcb0ee05b2c334aa6"
  dependencies:
    "@babel/helper-plugin-utils" "^7.0.0"

"@babel/plugin-syntax-top-level-await@^7.7.4":
  version "7.7.4"
  resolved "https://registry.yarnpkg.com/@babel/plugin-syntax-top-level-await/-/plugin-syntax-top-level-await-7.7.4.tgz#bd7d8fa7b9fee793a36e4027fd6dd1aa32f946da"
  dependencies:
    "@babel/helper-plugin-utils" "^7.0.0"

"@babel/plugin-transform-arrow-functions@^7.7.4":
  version "7.7.4"
  resolved "https://registry.yarnpkg.com/@babel/plugin-transform-arrow-functions/-/plugin-transform-arrow-functions-7.7.4.tgz#76309bd578addd8aee3b379d809c802305a98a12"
  dependencies:
    "@babel/helper-plugin-utils" "^7.0.0"

"@babel/plugin-transform-async-to-generator@^7.7.4":
  version "7.7.4"
  resolved "https://registry.yarnpkg.com/@babel/plugin-transform-async-to-generator/-/plugin-transform-async-to-generator-7.7.4.tgz#694cbeae6d613a34ef0292713fa42fb45c4470ba"
  dependencies:
    "@babel/helper-module-imports" "^7.7.4"
    "@babel/helper-plugin-utils" "^7.0.0"
    "@babel/helper-remap-async-to-generator" "^7.7.4"

"@babel/plugin-transform-block-scoped-functions@^7.7.4":
  version "7.7.4"
  resolved "https://registry.yarnpkg.com/@babel/plugin-transform-block-scoped-functions/-/plugin-transform-block-scoped-functions-7.7.4.tgz#d0d9d5c269c78eaea76227ace214b8d01e4d837b"
  dependencies:
    "@babel/helper-plugin-utils" "^7.0.0"

"@babel/plugin-transform-block-scoping@^7.7.4":
  version "7.7.4"
  resolved "https://registry.yarnpkg.com/@babel/plugin-transform-block-scoping/-/plugin-transform-block-scoping-7.7.4.tgz#200aad0dcd6bb80372f94d9e628ea062c58bf224"
  dependencies:
    "@babel/helper-plugin-utils" "^7.0.0"
    lodash "^4.17.13"

"@babel/plugin-transform-classes@^7.7.4":
  version "7.7.4"
  resolved "https://registry.yarnpkg.com/@babel/plugin-transform-classes/-/plugin-transform-classes-7.7.4.tgz#c92c14be0a1399e15df72667067a8f510c9400ec"
  dependencies:
    "@babel/helper-annotate-as-pure" "^7.7.4"
    "@babel/helper-define-map" "^7.7.4"
    "@babel/helper-function-name" "^7.7.4"
    "@babel/helper-optimise-call-expression" "^7.7.4"
    "@babel/helper-plugin-utils" "^7.0.0"
    "@babel/helper-replace-supers" "^7.7.4"
    "@babel/helper-split-export-declaration" "^7.7.4"
    globals "^11.1.0"

"@babel/plugin-transform-computed-properties@^7.7.4":
  version "7.7.4"
  resolved "https://registry.yarnpkg.com/@babel/plugin-transform-computed-properties/-/plugin-transform-computed-properties-7.7.4.tgz#e856c1628d3238ffe12d668eb42559f79a81910d"
  dependencies:
    "@babel/helper-plugin-utils" "^7.0.0"

"@babel/plugin-transform-destructuring@^7.7.4":
  version "7.7.4"
  resolved "https://registry.yarnpkg.com/@babel/plugin-transform-destructuring/-/plugin-transform-destructuring-7.7.4.tgz#2b713729e5054a1135097b6a67da1b6fe8789267"
  dependencies:
    "@babel/helper-plugin-utils" "^7.0.0"

"@babel/plugin-transform-dotall-regex@^7.7.4":
  version "7.7.4"
  resolved "https://registry.yarnpkg.com/@babel/plugin-transform-dotall-regex/-/plugin-transform-dotall-regex-7.7.4.tgz#f7ccda61118c5b7a2599a72d5e3210884a021e96"
  dependencies:
    "@babel/helper-create-regexp-features-plugin" "^7.7.4"
    "@babel/helper-plugin-utils" "^7.0.0"

"@babel/plugin-transform-duplicate-keys@^7.7.4":
  version "7.7.4"
  resolved "https://registry.yarnpkg.com/@babel/plugin-transform-duplicate-keys/-/plugin-transform-duplicate-keys-7.7.4.tgz#3d21731a42e3f598a73835299dd0169c3b90ac91"
  dependencies:
    "@babel/helper-plugin-utils" "^7.0.0"

"@babel/plugin-transform-exponentiation-operator@^7.7.4":
  version "7.7.4"
  resolved "https://registry.yarnpkg.com/@babel/plugin-transform-exponentiation-operator/-/plugin-transform-exponentiation-operator-7.7.4.tgz#dd30c0191e3a1ba19bcc7e389bdfddc0729d5db9"
  dependencies:
    "@babel/helper-builder-binary-assignment-operator-visitor" "^7.7.4"
    "@babel/helper-plugin-utils" "^7.0.0"

"@babel/plugin-transform-for-of@^7.7.4":
  version "7.7.4"
  resolved "https://registry.yarnpkg.com/@babel/plugin-transform-for-of/-/plugin-transform-for-of-7.7.4.tgz#248800e3a5e507b1f103d8b4ca998e77c63932bc"
  dependencies:
    "@babel/helper-plugin-utils" "^7.0.0"

"@babel/plugin-transform-function-name@^7.7.4":
  version "7.7.4"
  resolved "https://registry.yarnpkg.com/@babel/plugin-transform-function-name/-/plugin-transform-function-name-7.7.4.tgz#75a6d3303d50db638ff8b5385d12451c865025b1"
  dependencies:
    "@babel/helper-function-name" "^7.7.4"
    "@babel/helper-plugin-utils" "^7.0.0"

"@babel/plugin-transform-literals@^7.7.4":
  version "7.7.4"
  resolved "https://registry.yarnpkg.com/@babel/plugin-transform-literals/-/plugin-transform-literals-7.7.4.tgz#27fe87d2b5017a2a5a34d1c41a6b9f6a6262643e"
  dependencies:
    "@babel/helper-plugin-utils" "^7.0.0"

"@babel/plugin-transform-member-expression-literals@^7.7.4":
  version "7.7.4"
  resolved "https://registry.yarnpkg.com/@babel/plugin-transform-member-expression-literals/-/plugin-transform-member-expression-literals-7.7.4.tgz#aee127f2f3339fc34ce5e3055d7ffbf7aa26f19a"
  dependencies:
    "@babel/helper-plugin-utils" "^7.0.0"

"@babel/plugin-transform-modules-amd@^7.7.5":
  version "7.7.5"
  resolved "https://registry.yarnpkg.com/@babel/plugin-transform-modules-amd/-/plugin-transform-modules-amd-7.7.5.tgz#39e0fb717224b59475b306402bb8eedab01e729c"
  dependencies:
    "@babel/helper-module-transforms" "^7.7.5"
    "@babel/helper-plugin-utils" "^7.0.0"
    babel-plugin-dynamic-import-node "^2.3.0"

"@babel/plugin-transform-modules-commonjs@^7.7.5":
  version "7.7.5"
  resolved "https://registry.yarnpkg.com/@babel/plugin-transform-modules-commonjs/-/plugin-transform-modules-commonjs-7.7.5.tgz#1d27f5eb0bcf7543e774950e5b2fa782e637b345"
  dependencies:
    "@babel/helper-module-transforms" "^7.7.5"
    "@babel/helper-plugin-utils" "^7.0.0"
    "@babel/helper-simple-access" "^7.7.4"
    babel-plugin-dynamic-import-node "^2.3.0"

"@babel/plugin-transform-modules-systemjs@^7.7.4":
  version "7.7.4"
  resolved "https://registry.yarnpkg.com/@babel/plugin-transform-modules-systemjs/-/plugin-transform-modules-systemjs-7.7.4.tgz#cd98152339d3e763dfe838b7d4273edaf520bb30"
  dependencies:
    "@babel/helper-hoist-variables" "^7.7.4"
    "@babel/helper-plugin-utils" "^7.0.0"
    babel-plugin-dynamic-import-node "^2.3.0"

"@babel/plugin-transform-modules-umd@^7.7.4":
  version "7.7.4"
  resolved "https://registry.yarnpkg.com/@babel/plugin-transform-modules-umd/-/plugin-transform-modules-umd-7.7.4.tgz#1027c355a118de0aae9fee00ad7813c584d9061f"
  dependencies:
    "@babel/helper-module-transforms" "^7.7.4"
    "@babel/helper-plugin-utils" "^7.0.0"

"@babel/plugin-transform-named-capturing-groups-regex@^7.7.4":
  version "7.7.4"
  resolved "https://registry.yarnpkg.com/@babel/plugin-transform-named-capturing-groups-regex/-/plugin-transform-named-capturing-groups-regex-7.7.4.tgz#fb3bcc4ee4198e7385805007373d6b6f42c98220"
  dependencies:
    "@babel/helper-create-regexp-features-plugin" "^7.7.4"

"@babel/plugin-transform-new-target@^7.7.4":
  version "7.7.4"
  resolved "https://registry.yarnpkg.com/@babel/plugin-transform-new-target/-/plugin-transform-new-target-7.7.4.tgz#4a0753d2d60639437be07b592a9e58ee00720167"
  dependencies:
    "@babel/helper-plugin-utils" "^7.0.0"

"@babel/plugin-transform-object-super@^7.7.4":
  version "7.7.4"
  resolved "https://registry.yarnpkg.com/@babel/plugin-transform-object-super/-/plugin-transform-object-super-7.7.4.tgz#48488937a2d586c0148451bf51af9d7dda567262"
  dependencies:
    "@babel/helper-plugin-utils" "^7.0.0"
    "@babel/helper-replace-supers" "^7.7.4"

"@babel/plugin-transform-parameters@^7.7.4":
  version "7.7.4"
  resolved "https://registry.yarnpkg.com/@babel/plugin-transform-parameters/-/plugin-transform-parameters-7.7.4.tgz#da4555c97f39b51ac089d31c7380f03bca4075ce"
  dependencies:
    "@babel/helper-call-delegate" "^7.7.4"
    "@babel/helper-get-function-arity" "^7.7.4"
    "@babel/helper-plugin-utils" "^7.0.0"

"@babel/plugin-transform-property-literals@^7.7.4":
  version "7.7.4"
  resolved "https://registry.yarnpkg.com/@babel/plugin-transform-property-literals/-/plugin-transform-property-literals-7.7.4.tgz#2388d6505ef89b266103f450f9167e6bd73f98c2"
  dependencies:
    "@babel/helper-plugin-utils" "^7.0.0"

"@babel/plugin-transform-regenerator@^7.7.5":
  version "7.7.5"
  resolved "https://registry.yarnpkg.com/@babel/plugin-transform-regenerator/-/plugin-transform-regenerator-7.7.5.tgz#3a8757ee1a2780f390e89f246065ecf59c26fce9"
  dependencies:
    regenerator-transform "^0.14.0"

"@babel/plugin-transform-reserved-words@^7.7.4":
  version "7.7.4"
  resolved "https://registry.yarnpkg.com/@babel/plugin-transform-reserved-words/-/plugin-transform-reserved-words-7.7.4.tgz#6a7cf123ad175bb5c69aec8f6f0770387ed3f1eb"
  dependencies:
    "@babel/helper-plugin-utils" "^7.0.0"

"@babel/plugin-transform-shorthand-properties@^7.7.4":
  version "7.7.4"
  resolved "https://registry.yarnpkg.com/@babel/plugin-transform-shorthand-properties/-/plugin-transform-shorthand-properties-7.7.4.tgz#74a0a9b2f6d67a684c6fbfd5f0458eb7ba99891e"
  dependencies:
    "@babel/helper-plugin-utils" "^7.0.0"

"@babel/plugin-transform-spread@^7.7.4":
  version "7.7.4"
  resolved "https://registry.yarnpkg.com/@babel/plugin-transform-spread/-/plugin-transform-spread-7.7.4.tgz#aa673b356fe6b7e70d69b6e33a17fef641008578"
  dependencies:
    "@babel/helper-plugin-utils" "^7.0.0"

"@babel/plugin-transform-sticky-regex@^7.7.4":
  version "7.7.4"
  resolved "https://registry.yarnpkg.com/@babel/plugin-transform-sticky-regex/-/plugin-transform-sticky-regex-7.7.4.tgz#ffb68c05090c30732076b1285dc1401b404a123c"
  dependencies:
    "@babel/helper-plugin-utils" "^7.0.0"
    "@babel/helper-regex" "^7.0.0"

"@babel/plugin-transform-template-literals@^7.7.4":
  version "7.7.4"
  resolved "https://registry.yarnpkg.com/@babel/plugin-transform-template-literals/-/plugin-transform-template-literals-7.7.4.tgz#1eb6411736dd3fe87dbd20cc6668e5121c17d604"
  dependencies:
    "@babel/helper-annotate-as-pure" "^7.7.4"
    "@babel/helper-plugin-utils" "^7.0.0"

"@babel/plugin-transform-typeof-symbol@^7.7.4":
  version "7.7.4"
  resolved "https://registry.yarnpkg.com/@babel/plugin-transform-typeof-symbol/-/plugin-transform-typeof-symbol-7.7.4.tgz#3174626214f2d6de322882e498a38e8371b2140e"
  dependencies:
    "@babel/helper-plugin-utils" "^7.0.0"

"@babel/plugin-transform-unicode-regex@^7.7.4":
  version "7.7.4"
  resolved "https://registry.yarnpkg.com/@babel/plugin-transform-unicode-regex/-/plugin-transform-unicode-regex-7.7.4.tgz#a3c0f65b117c4c81c5b6484f2a5e7b95346b83ae"
  dependencies:
    "@babel/helper-create-regexp-features-plugin" "^7.7.4"
    "@babel/helper-plugin-utils" "^7.0.0"

"@babel/preset-env@^7.7.6":
  version "7.7.6"
  resolved "https://registry.yarnpkg.com/@babel/preset-env/-/preset-env-7.7.6.tgz#39ac600427bbb94eec6b27953f1dfa1d64d457b2"
  dependencies:
    "@babel/helper-module-imports" "^7.7.4"
    "@babel/helper-plugin-utils" "^7.0.0"
    "@babel/plugin-proposal-async-generator-functions" "^7.7.4"
    "@babel/plugin-proposal-dynamic-import" "^7.7.4"
    "@babel/plugin-proposal-json-strings" "^7.7.4"
    "@babel/plugin-proposal-object-rest-spread" "^7.7.4"
    "@babel/plugin-proposal-optional-catch-binding" "^7.7.4"
    "@babel/plugin-proposal-unicode-property-regex" "^7.7.4"
    "@babel/plugin-syntax-async-generators" "^7.7.4"
    "@babel/plugin-syntax-dynamic-import" "^7.7.4"
    "@babel/plugin-syntax-json-strings" "^7.7.4"
    "@babel/plugin-syntax-object-rest-spread" "^7.7.4"
    "@babel/plugin-syntax-optional-catch-binding" "^7.7.4"
    "@babel/plugin-syntax-top-level-await" "^7.7.4"
    "@babel/plugin-transform-arrow-functions" "^7.7.4"
    "@babel/plugin-transform-async-to-generator" "^7.7.4"
    "@babel/plugin-transform-block-scoped-functions" "^7.7.4"
    "@babel/plugin-transform-block-scoping" "^7.7.4"
    "@babel/plugin-transform-classes" "^7.7.4"
    "@babel/plugin-transform-computed-properties" "^7.7.4"
    "@babel/plugin-transform-destructuring" "^7.7.4"
    "@babel/plugin-transform-dotall-regex" "^7.7.4"
    "@babel/plugin-transform-duplicate-keys" "^7.7.4"
    "@babel/plugin-transform-exponentiation-operator" "^7.7.4"
    "@babel/plugin-transform-for-of" "^7.7.4"
    "@babel/plugin-transform-function-name" "^7.7.4"
    "@babel/plugin-transform-literals" "^7.7.4"
    "@babel/plugin-transform-member-expression-literals" "^7.7.4"
    "@babel/plugin-transform-modules-amd" "^7.7.5"
    "@babel/plugin-transform-modules-commonjs" "^7.7.5"
    "@babel/plugin-transform-modules-systemjs" "^7.7.4"
    "@babel/plugin-transform-modules-umd" "^7.7.4"
    "@babel/plugin-transform-named-capturing-groups-regex" "^7.7.4"
    "@babel/plugin-transform-new-target" "^7.7.4"
    "@babel/plugin-transform-object-super" "^7.7.4"
    "@babel/plugin-transform-parameters" "^7.7.4"
    "@babel/plugin-transform-property-literals" "^7.7.4"
    "@babel/plugin-transform-regenerator" "^7.7.5"
    "@babel/plugin-transform-reserved-words" "^7.7.4"
    "@babel/plugin-transform-shorthand-properties" "^7.7.4"
    "@babel/plugin-transform-spread" "^7.7.4"
    "@babel/plugin-transform-sticky-regex" "^7.7.4"
    "@babel/plugin-transform-template-literals" "^7.7.4"
    "@babel/plugin-transform-typeof-symbol" "^7.7.4"
    "@babel/plugin-transform-unicode-regex" "^7.7.4"
    "@babel/types" "^7.7.4"
    browserslist "^4.6.0"
    core-js-compat "^3.4.7"
    invariant "^2.2.2"
    js-levenshtein "^1.1.3"
    semver "^5.5.0"

"@babel/template@^7.7.4":
  version "7.7.4"
  resolved "https://registry.yarnpkg.com/@babel/template/-/template-7.7.4.tgz#428a7d9eecffe27deac0a98e23bf8e3675d2a77b"
  dependencies:
    "@babel/code-frame" "^7.0.0"
    "@babel/parser" "^7.7.4"
    "@babel/types" "^7.7.4"

"@babel/traverse@^7.7.4":
  version "7.7.4"
  resolved "https://registry.yarnpkg.com/@babel/traverse/-/traverse-7.7.4.tgz#9c1e7c60fb679fe4fcfaa42500833333c2058558"
  dependencies:
    "@babel/code-frame" "^7.5.5"
    "@babel/generator" "^7.7.4"
    "@babel/helper-function-name" "^7.7.4"
    "@babel/helper-split-export-declaration" "^7.7.4"
    "@babel/parser" "^7.7.4"
    "@babel/types" "^7.7.4"
    debug "^4.1.0"
    globals "^11.1.0"
    lodash "^4.17.13"

"@babel/types@^7.7.4":
  version "7.7.4"
  resolved "https://registry.yarnpkg.com/@babel/types/-/types-7.7.4.tgz#516570d539e44ddf308c07569c258ff94fde9193"
  dependencies:
    esutils "^2.0.2"
    lodash "^4.17.13"
    to-fast-properties "^2.0.0"

"@tweenjs/tween.js@^18.5.0":
  version "18.5.0"
  resolved "https://registry.yarnpkg.com/@tweenjs/tween.js/-/tween.js-18.5.0.tgz#f2aa9e6052c6a314d85c9a8034146f9ae6d4e339"

"@types/estree@*":
  version "0.0.40"
  resolved "https://registry.yarnpkg.com/@types/estree/-/estree-0.0.40.tgz#0e6cb9b9bbd098031fa19e4b4e8131bc70e5de13"

"@types/estree@0.0.39":
  version "0.0.39"
  resolved "https://registry.yarnpkg.com/@types/estree/-/estree-0.0.39.tgz#e177e699ee1b8c22d23174caaa7422644389509f"

"@types/node@*":
  version "12.12.17"
  resolved "https://registry.yarnpkg.com/@types/node/-/node-12.12.17.tgz#191b71e7f4c325ee0fb23bc4a996477d92b8c39b"

"@types/resolve@0.0.8":
  version "0.0.8"
  resolved "https://registry.yarnpkg.com/@types/resolve/-/resolve-0.0.8.tgz#f26074d238e02659e323ce1a13d041eee280e194"
  dependencies:
    "@types/node" "*"

"@types/three@>=0.72.0":
  version "0.103.2"
  resolved "https://registry.yarnpkg.com/@types/three/-/three-0.103.2.tgz#f7d49130001c551941a0ded757def810579aafc4"
  integrity sha512-zhtf0Qs5wLJpIn1+VWCpzSgpKayj/GSWZ6woiuz09FW59KEDeLpnBkYz6lbblVpRmGdlnG8nd0unaASshOvcXw==
  dependencies:
    three "*"

accessor-fn@^1.2.2:
  version "1.2.2"
  resolved "https://registry.yarnpkg.com/accessor-fn/-/accessor-fn-1.2.2.tgz#dd52c271465388b29764ab79f2222dedd11e49b2"

acorn@^7.1.0:
  version "7.1.0"
  resolved "https://registry.yarnpkg.com/acorn/-/acorn-7.1.0.tgz#949d36f2c292535da602283586c2477c57eb2d6c"

ansi-styles@^3.2.1:
  version "3.2.1"
  resolved "https://registry.yarnpkg.com/ansi-styles/-/ansi-styles-3.2.1.tgz#41fbb20243e50b12be0f04b8dedbf07520ce841d"
  dependencies:
    color-convert "^1.9.0"

babel-plugin-dynamic-import-node@^2.3.0:
  version "2.3.0"
  resolved "https://registry.yarnpkg.com/babel-plugin-dynamic-import-node/-/babel-plugin-dynamic-import-node-2.3.0.tgz#f00f507bdaa3c3e3ff6e7e5e98d90a7acab96f7f"
  dependencies:
    object.assign "^4.1.0"

balanced-match@^1.0.0:
  version "1.0.0"
  resolved "https://registry.yarnpkg.com/balanced-match/-/balanced-match-1.0.0.tgz#89b4d199ab2bee49de164ea02b89ce462d71b767"

brace-expansion@^1.1.7:
  version "1.1.11"
  resolved "https://registry.yarnpkg.com/brace-expansion/-/brace-expansion-1.1.11.tgz#3c7fcbf529d87226f3d2f52b966ff5271eb441dd"
  dependencies:
    balanced-match "^1.0.0"
    concat-map "0.0.1"

browserslist@^4.6.0, browserslist@^4.8.2:
  version "4.8.2"
  resolved "https://registry.yarnpkg.com/browserslist/-/browserslist-4.8.2.tgz#b45720ad5fbc8713b7253c20766f701c9a694289"
  dependencies:
    caniuse-lite "^1.0.30001015"
    electron-to-chromium "^1.3.322"
    node-releases "^1.1.42"

buffer-from@^1.0.0:
  version "1.1.1"
  resolved "https://registry.yarnpkg.com/buffer-from/-/buffer-from-1.1.1.tgz#32713bc028f75c02fdb710d7c7bcec1f2c6070ef"

builtin-modules@^3.1.0:
  version "3.1.0"
  resolved "https://registry.yarnpkg.com/builtin-modules/-/builtin-modules-3.1.0.tgz#aad97c15131eb76b65b50ef208e7584cd76a7484"

caniuse-lite@^1.0.30001015:
  version "1.0.30001015"
  resolved "https://registry.yarnpkg.com/caniuse-lite/-/caniuse-lite-1.0.30001015.tgz#15a7ddf66aba786a71d99626bc8f2b91c6f0f5f0"

chalk@^2.0.0:
  version "2.4.2"
  resolved "https://registry.yarnpkg.com/chalk/-/chalk-2.4.2.tgz#cd42541677a54333cf541a49108c1432b44c9424"
  dependencies:
    ansi-styles "^3.2.1"
    escape-string-regexp "^1.0.5"
    supports-color "^5.3.0"

color-convert@^1.9.0:
  version "1.9.3"
  resolved "https://registry.yarnpkg.com/color-convert/-/color-convert-1.9.3.tgz#bb71850690e1f136567de629d2d5471deda4c1e8"
  dependencies:
    color-name "1.1.3"

color-name@1.1.3:
  version "1.1.3"
  resolved "https://registry.yarnpkg.com/color-name/-/color-name-1.1.3.tgz#a7d0558bd89c42f795dd42328f740831ca53bc25"

commander@^2.20.0:
  version "2.20.3"
  resolved "https://registry.yarnpkg.com/commander/-/commander-2.20.3.tgz#fd485e84c03eb4881c20722ba48035e8531aeb33"

concat-map@0.0.1:
  version "0.0.1"
  resolved "https://registry.yarnpkg.com/concat-map/-/concat-map-0.0.1.tgz#d8a96bd77fd68df7793a73036a3ba0d5405d477b"

convert-source-map@^1.7.0:
  version "1.7.0"
  resolved "https://registry.yarnpkg.com/convert-source-map/-/convert-source-map-1.7.0.tgz#17a2cb882d7f77d3490585e2ce6c524424a3a442"
  dependencies:
    safe-buffer "~5.1.1"

core-js-compat@^3.4.7:
  version "3.5.0"
  resolved "https://registry.yarnpkg.com/core-js-compat/-/core-js-compat-3.5.0.tgz#5a11a619a9e9dd2dcf1c742b2060bc4a2143e5b6"
  dependencies:
    browserslist "^4.8.2"
    semver "^6.3.0"

d3-array@1:
  version "1.2.4"
  resolved "https://registry.yarnpkg.com/d3-array/-/d3-array-1.2.4.tgz#635ce4d5eea759f6f605863dbcfc30edc737f71f"

"d3-array@1.2.0 - 2":
  version "2.4.0"
  resolved "https://registry.yarnpkg.com/d3-array/-/d3-array-2.4.0.tgz#87f8b9ad11088769c82b5ea846bcb1cc9393f242"

d3-color@1:
  version "1.4.0"
  resolved "https://registry.yarnpkg.com/d3-color/-/d3-color-1.4.0.tgz#89c45a995ed773b13314f06460df26d60ba0ecaf"

d3-format@1:
  version "1.4.2"
  resolved "https://registry.yarnpkg.com/d3-format/-/d3-format-1.4.2.tgz#2a8c0ebf500f315981c2110eaaf70b82f472cb2b"

d3-geo@^1.11.9:
  version "1.11.9"
  resolved "https://registry.yarnpkg.com/d3-geo/-/d3-geo-1.11.9.tgz#77eaed14ba62fc2c0aef55cd2943849c866f7ae6"
  dependencies:
    d3-array "1"

d3-interpolate@^1.2.0, d3-interpolate@^1.4.0:
  version "1.4.0"
  resolved "https://registry.yarnpkg.com/d3-interpolate/-/d3-interpolate-1.4.0.tgz#526e79e2d80daa383f9e0c1c1c7dcc0f0583e987"
  dependencies:
    d3-color "1"

d3-scale@^3.2.1:
  version "3.2.1"
  resolved "https://registry.yarnpkg.com/d3-scale/-/d3-scale-3.2.1.tgz#da1684adce7261b4bc7a76fe193d887f0e909e69"
  dependencies:
    d3-array "1.2.0 - 2"
    d3-format "1"
    d3-interpolate "^1.2.0"
    d3-time "1"
    d3-time-format "2"

d3-time-format@2:
  version "2.2.2"
  resolved "https://registry.yarnpkg.com/d3-time-format/-/d3-time-format-2.2.2.tgz#187597ffc6a0f37cb36bb7a1d7167cdc887ecda0"
  dependencies:
    d3-time "1"

d3-time@1:
  version "1.1.0"
  resolved "https://registry.yarnpkg.com/d3-time/-/d3-time-1.1.0.tgz#b1e19d307dae9c900b7e5b25ffc5dcc249a8a0f1"

data-joint@^1.2.1:
  version "1.2.1"
  resolved "https://registry.yarnpkg.com/data-joint/-/data-joint-1.2.1.tgz#b624ff28bf71388c5a40cc03fdef4d27b12e6bf3"
  dependencies:
    index-array-by "^1.2.6"

debounce@^1.2.0:
  version "1.2.0"
  resolved "https://registry.yarnpkg.com/debounce/-/debounce-1.2.0.tgz#44a540abc0ea9943018dc0eaa95cce87f65cd131"

debug@^4.1.0:
  version "4.1.1"
  resolved "https://registry.yarnpkg.com/debug/-/debug-4.1.1.tgz#3b72260255109c6b589cee050f1d516139664791"
  dependencies:
    ms "^2.1.1"

define-properties@^1.1.2:
  version "1.1.3"
  resolved "https://registry.yarnpkg.com/define-properties/-/define-properties-1.1.3.tgz#cf88da6cbee26fe6db7094f61d870cbd84cee9f1"
  dependencies:
    object-keys "^1.0.12"

earcut@^2.2.1:
  version "2.2.1"
  resolved "https://registry.yarnpkg.com/earcut/-/earcut-2.2.1.tgz#3bae0b1b6fec41853b56b126f03a42a34b28f1d5"

electron-to-chromium@^1.3.322:
  version "1.3.322"
  resolved "https://registry.yarnpkg.com/electron-to-chromium/-/electron-to-chromium-1.3.322.tgz#a6f7e1c79025c2b05838e8e344f6e89eb83213a8"

escape-string-regexp@^1.0.5:
  version "1.0.5"
  resolved "https://registry.yarnpkg.com/escape-string-regexp/-/escape-string-regexp-1.0.5.tgz#1b61c0562190a8dff6ae3bb2cf0200ca130b86d4"

estree-walker@^0.6.1:
  version "0.6.1"
  resolved "https://registry.yarnpkg.com/estree-walker/-/estree-walker-0.6.1.tgz#53049143f40c6eb918b23671d1fe3219f3a1b362"

esutils@^2.0.2:
  version "2.0.3"
  resolved "https://registry.yarnpkg.com/esutils/-/esutils-2.0.3.tgz#74d2eb4de0b8da1293711910d50775b9b710ef64"

frame-ticker@^1.0.3:
  version "1.0.3"
  resolved "https://registry.yarnpkg.com/frame-ticker/-/frame-ticker-1.0.3.tgz#2c99d3febb493fd1d3621351cd003189794a1245"
  dependencies:
    simplesignal "^2.1.6"

fs.realpath@^1.0.0:
  version "1.0.0"
  resolved "https://registry.yarnpkg.com/fs.realpath/-/fs.realpath-1.0.0.tgz#1504ad2523158caa40db4a2787cb01411994ea4f"

function-bind@^1.1.1:
  version "1.1.1"
  resolved "https://registry.yarnpkg.com/function-bind/-/function-bind-1.1.1.tgz#a56899d3ea3c9bab874bb9773b7c5ede92f4895d"

glob@^7.1.3:
  version "7.1.6"
  resolved "https://registry.yarnpkg.com/glob/-/glob-7.1.6.tgz#141f33b81a7c2492e125594307480c46679278a6"
  dependencies:
    fs.realpath "^1.0.0"
    inflight "^1.0.4"
    inherits "2"
    minimatch "^3.0.4"
    once "^1.3.0"
    path-is-absolute "^1.0.0"

globals@^11.1.0:
  version "11.12.0"
  resolved "https://registry.yarnpkg.com/globals/-/globals-11.12.0.tgz#ab8795338868a0babd8525758018c2a7eb95c42e"

h3-js@^3.6.3:
  version "3.6.3"
  resolved "https://registry.yarnpkg.com/h3-js/-/h3-js-3.6.3.tgz#74807ddafc39f2e34688c6fc4cf225248c891c6c"

has-flag@^3.0.0:
  version "3.0.0"
  resolved "https://registry.yarnpkg.com/has-flag/-/has-flag-3.0.0.tgz#b5d454dc2199ae225699f3467e5a07f3b955bafd"

has-symbols@^1.0.0:
  version "1.0.1"
  resolved "https://registry.yarnpkg.com/has-symbols/-/has-symbols-1.0.1.tgz#9f5214758a44196c406d9bd76cebf81ec2dd31e8"

index-array-by@^1.2.6, index-array-by@^1.2.7:
  version "1.2.7"
  resolved "https://registry.yarnpkg.com/index-array-by/-/index-array-by-1.2.7.tgz#59a866617fd1fbfed3401f5aca533002dd088a09"

inflight@^1.0.4:
  version "1.0.6"
  resolved "https://registry.yarnpkg.com/inflight/-/inflight-1.0.6.tgz#49bd6331d7d02d0c09bc910a1075ba8165b56df9"
  dependencies:
    once "^1.3.0"
    wrappy "1"

inherits@2:
  version "2.0.4"
  resolved "https://registry.yarnpkg.com/inherits/-/inherits-2.0.4.tgz#0fa2c64f932917c3433a0ded55363aae37416b7c"

invariant@^2.2.2:
  version "2.2.4"
  resolved "https://registry.yarnpkg.com/invariant/-/invariant-2.2.4.tgz#610f3c92c9359ce1db616e538008d23ff35158e6"
  dependencies:
    loose-envify "^1.0.0"

is-module@^1.0.0:
  version "1.0.0"
  resolved "https://registry.yarnpkg.com/is-module/-/is-module-1.0.0.tgz#3258fb69f78c14d5b815d664336b4cffb6441591"

is-reference@^1.1.2:
  version "1.1.4"
  resolved "https://registry.yarnpkg.com/is-reference/-/is-reference-1.1.4.tgz#3f95849886ddb70256a3e6d062b1a68c13c51427"
  dependencies:
    "@types/estree" "0.0.39"

js-levenshtein@^1.1.3:
  version "1.1.6"
  resolved "https://registry.yarnpkg.com/js-levenshtein/-/js-levenshtein-1.1.6.tgz#c6cee58eb3550372df8deb85fad5ce66ce01d59d"

"js-tokens@^3.0.0 || ^4.0.0", js-tokens@^4.0.0:
  version "4.0.0"
  resolved "https://registry.yarnpkg.com/js-tokens/-/js-tokens-4.0.0.tgz#19203fb59991df98e3a287050d4647cdeaf32499"

jsesc@^2.5.1:
  version "2.5.2"
  resolved "https://registry.yarnpkg.com/jsesc/-/jsesc-2.5.2.tgz#80564d2e483dacf6e8ef209650a67df3f0c283a4"

jsesc@~0.5.0:
  version "0.5.0"
  resolved "https://registry.yarnpkg.com/jsesc/-/jsesc-0.5.0.tgz#e7dee66e35d6fc16f710fe91d5cf69f70f08911d"

json5@^2.1.0:
  version "2.1.1"
  resolved "https://registry.yarnpkg.com/json5/-/json5-2.1.1.tgz#81b6cb04e9ba496f1c7005d07b4368a2638f90b6"
  dependencies:
    minimist "^1.2.0"

kapsule@^1.12.1:
  version "1.12.1"
  resolved "https://registry.yarnpkg.com/kapsule/-/kapsule-1.12.1.tgz#29b24a9cc1c5a1e5a0ba8a6d74dc6288eaff5ea1"
  dependencies:
    debounce "^1.2.0"

lodash@^4.17.13:
  version "4.17.15"
  resolved "https://registry.yarnpkg.com/lodash/-/lodash-4.17.15.tgz#b447f6670a0455bbfeedd11392eff330ea097548"

loose-envify@^1.0.0:
  version "1.4.0"
  resolved "https://registry.yarnpkg.com/loose-envify/-/loose-envify-1.4.0.tgz#71ee51fa7be4caec1a63839f7e682d8132d30caf"
  dependencies:
    js-tokens "^3.0.0 || ^4.0.0"

magic-string@^0.25.2:
  version "0.25.4"
  resolved "https://registry.yarnpkg.com/magic-string/-/magic-string-0.25.4.tgz#325b8a0a79fc423db109b77fd5a19183b7ba5143"
  dependencies:
    sourcemap-codec "^1.4.4"

minimatch@^3.0.4:
  version "3.0.4"
  resolved "https://registry.yarnpkg.com/minimatch/-/minimatch-3.0.4.tgz#5166e286457f03306064be5497e8dbb0c3d32083"
  dependencies:
    brace-expansion "^1.1.7"

minimist@^1.2.0:
  version "1.2.0"
  resolved "https://registry.yarnpkg.com/minimist/-/minimist-1.2.0.tgz#a35008b20f41383eec1fb914f4cd5df79a264284"

ms@^2.1.1:
  version "2.1.2"
  resolved "https://registry.yarnpkg.com/ms/-/ms-2.1.2.tgz#d09d1f357b443f493382a8eb3ccd183872ae6009"

node-releases@^1.1.42:
  version "1.1.42"
  resolved "https://registry.yarnpkg.com/node-releases/-/node-releases-1.1.42.tgz#a999f6a62f8746981f6da90627a8d2fc090bbad7"
  dependencies:
    semver "^6.3.0"

object-keys@^1.0.11, object-keys@^1.0.12:
  version "1.1.1"
  resolved "https://registry.yarnpkg.com/object-keys/-/object-keys-1.1.1.tgz#1c47f272df277f3b1daf061677d9c82e2322c60e"

object.assign@^4.1.0:
  version "4.1.0"
  resolved "https://registry.yarnpkg.com/object.assign/-/object.assign-4.1.0.tgz#968bf1100d7956bb3ca086f006f846b3bc4008da"
  dependencies:
    define-properties "^1.1.2"
    function-bind "^1.1.1"
    has-symbols "^1.0.0"
    object-keys "^1.0.11"

once@^1.3.0:
  version "1.4.0"
  resolved "https://registry.yarnpkg.com/once/-/once-1.4.0.tgz#583b1aa775961d4b113ac17d9c50baef9dd76bd1"
  dependencies:
    wrappy "1"

path-is-absolute@^1.0.0:
  version "1.0.1"
  resolved "https://registry.yarnpkg.com/path-is-absolute/-/path-is-absolute-1.0.1.tgz#174b9268735534ffbc7ace6bf53a5a9e1b5c5f5f"

path-parse@^1.0.6:
  version "1.0.6"
  resolved "https://registry.yarnpkg.com/path-parse/-/path-parse-1.0.6.tgz#d62dbb5679405d72c4737ec58600e9ddcf06d24c"

private@^0.1.6:
  version "0.1.8"
  resolved "https://registry.yarnpkg.com/private/-/private-0.1.8.tgz#2381edb3689f7a53d653190060fcf822d2f368ff"

regenerate-unicode-properties@^8.1.0:
  version "8.1.0"
  resolved "https://registry.yarnpkg.com/regenerate-unicode-properties/-/regenerate-unicode-properties-8.1.0.tgz#ef51e0f0ea4ad424b77bf7cb41f3e015c70a3f0e"
  dependencies:
    regenerate "^1.4.0"

regenerate@^1.4.0:
  version "1.4.0"
  resolved "https://registry.yarnpkg.com/regenerate/-/regenerate-1.4.0.tgz#4a856ec4b56e4077c557589cae85e7a4c8869a11"

regenerator-transform@^0.14.0:
  version "0.14.1"
  resolved "https://registry.yarnpkg.com/regenerator-transform/-/regenerator-transform-0.14.1.tgz#3b2fce4e1ab7732c08f665dfdb314749c7ddd2fb"
  dependencies:
    private "^0.1.6"

regexpu-core@^4.6.0:
  version "4.6.0"
  resolved "https://registry.yarnpkg.com/regexpu-core/-/regexpu-core-4.6.0.tgz#2037c18b327cfce8a6fea2a4ec441f2432afb8b6"
  dependencies:
    regenerate "^1.4.0"
    regenerate-unicode-properties "^8.1.0"
    regjsgen "^0.5.0"
    regjsparser "^0.6.0"
    unicode-match-property-ecmascript "^1.0.4"
    unicode-match-property-value-ecmascript "^1.1.0"

regjsgen@^0.5.0:
  version "0.5.1"
  resolved "https://registry.yarnpkg.com/regjsgen/-/regjsgen-0.5.1.tgz#48f0bf1a5ea205196929c0d9798b42d1ed98443c"

regjsparser@^0.6.0:
  version "0.6.0"
  resolved "https://registry.yarnpkg.com/regjsparser/-/regjsparser-0.6.0.tgz#f1e6ae8b7da2bae96c99399b868cd6c933a2ba9c"
  dependencies:
    jsesc "~0.5.0"

resolve@^1.11.0, resolve@^1.11.1, resolve@^1.3.2:
  version "1.13.1"
  resolved "https://registry.yarnpkg.com/resolve/-/resolve-1.13.1.tgz#be0aa4c06acd53083505abb35f4d66932ab35d16"
  dependencies:
    path-parse "^1.0.6"

rimraf@^3.0.0:
  version "3.0.0"
  resolved "https://registry.yarnpkg.com/rimraf/-/rimraf-3.0.0.tgz#614176d4b3010b75e5c390eb0ee96f6dc0cebb9b"
  dependencies:
    glob "^7.1.3"

rollup-plugin-babel@^4.3.3:
  version "4.3.3"
  resolved "https://registry.yarnpkg.com/rollup-plugin-babel/-/rollup-plugin-babel-4.3.3.tgz#7eb5ac16d9b5831c3fd5d97e8df77ba25c72a2aa"
  dependencies:
    "@babel/helper-module-imports" "^7.0.0"
    rollup-pluginutils "^2.8.1"

rollup-plugin-commonjs@^10.1.0:
  version "10.1.0"
  resolved "https://registry.yarnpkg.com/rollup-plugin-commonjs/-/rollup-plugin-commonjs-10.1.0.tgz#417af3b54503878e084d127adf4d1caf8beb86fb"
  dependencies:
    estree-walker "^0.6.1"
    is-reference "^1.1.2"
    magic-string "^0.25.2"
    resolve "^1.11.0"
    rollup-pluginutils "^2.8.1"

rollup-plugin-json@^4.0.0:
  version "4.0.0"
  resolved "https://registry.yarnpkg.com/rollup-plugin-json/-/rollup-plugin-json-4.0.0.tgz#a18da0a4b30bf5ca1ee76ddb1422afbb84ae2b9e"
  dependencies:
    rollup-pluginutils "^2.5.0"

rollup-plugin-node-resolve@^5.2.0:
  version "5.2.0"
  resolved "https://registry.yarnpkg.com/rollup-plugin-node-resolve/-/rollup-plugin-node-resolve-5.2.0.tgz#730f93d10ed202473b1fb54a5997a7db8c6d8523"
  dependencies:
    "@types/resolve" "0.0.8"
    builtin-modules "^3.1.0"
    is-module "^1.0.0"
    resolve "^1.11.1"
    rollup-pluginutils "^2.8.1"

rollup-pluginutils@^2.5.0, rollup-pluginutils@^2.8.1:
  version "2.8.2"
  resolved "https://registry.yarnpkg.com/rollup-pluginutils/-/rollup-pluginutils-2.8.2.tgz#72f2af0748b592364dbd3389e600e5a9444a351e"
  dependencies:
    estree-walker "^0.6.1"

rollup@^1.27.10:
  version "1.27.10"
  resolved "https://registry.yarnpkg.com/rollup/-/rollup-1.27.10.tgz#e0814c1401e7658b679d617d3511f0a4ffaea019"
  dependencies:
    "@types/estree" "*"
    "@types/node" "*"
    acorn "^7.1.0"

safe-buffer@~5.1.1:
  version "5.1.2"
  resolved "https://registry.yarnpkg.com/safe-buffer/-/safe-buffer-5.1.2.tgz#991ec69d296e0313747d59bdfd2b745c35f8828d"

semver@^5.4.1, semver@^5.5.0:
  version "5.7.1"
  resolved "https://registry.yarnpkg.com/semver/-/semver-5.7.1.tgz#a954f931aeba508d307bbf069eff0c01c96116f7"

semver@^6.3.0:
  version "6.3.0"
  resolved "https://registry.yarnpkg.com/semver/-/semver-6.3.0.tgz#ee0a64c8af5e8ceea67687b133761e1becbd1d3d"

simplesignal@^2.1.6:
  version "2.1.7"
  resolved "https://registry.yarnpkg.com/simplesignal/-/simplesignal-2.1.7.tgz#8e15978b1f8b44d55bd7d7081dc37b7147cf129f"

source-map-support@~0.5.12:
  version "0.5.16"
  resolved "https://registry.yarnpkg.com/source-map-support/-/source-map-support-0.5.16.tgz#0ae069e7fe3ba7538c64c98515e35339eac5a042"
  dependencies:
    buffer-from "^1.0.0"
    source-map "^0.6.0"

source-map@^0.5.0:
  version "0.5.7"
  resolved "https://registry.yarnpkg.com/source-map/-/source-map-0.5.7.tgz#8a039d2d1021d22d1ea14c80d8ea468ba2ef3fcc"

source-map@^0.6.0, source-map@~0.6.1:
  version "0.6.1"
  resolved "https://registry.yarnpkg.com/source-map/-/source-map-0.6.1.tgz#74722af32e9614e9c287a8d0bbde48b5e2f1a263"

sourcemap-codec@^1.4.4:
  version "1.4.6"
  resolved "https://registry.yarnpkg.com/sourcemap-codec/-/sourcemap-codec-1.4.6.tgz#e30a74f0402bad09807640d39e971090a08ce1e9"

supports-color@^5.3.0:
  version "5.5.0"
  resolved "https://registry.yarnpkg.com/supports-color/-/supports-color-5.5.0.tgz#e2e69a44ac8772f78a1ec0b35b689df6530efc8f"
  dependencies:
    has-flag "^3.0.0"

terser@^4.4.2:
  version "4.4.2"
  resolved "https://registry.yarnpkg.com/terser/-/terser-4.4.2.tgz#448fffad0245f4c8a277ce89788b458bfd7706e8"
  dependencies:
    commander "^2.20.0"
    source-map "~0.6.1"
    source-map-support "~0.5.12"

three-conic-polygon-geometry@^1.1.5:
  version "1.1.5"
  resolved "https://registry.yarnpkg.com/three-conic-polygon-geometry/-/three-conic-polygon-geometry-1.1.5.tgz#b2e4e37e287f7184e4f3167c5d3f7385d3a751e7"
  dependencies:
    earcut "^2.2.1"

three-fatline@^0.2.7:
  version "0.2.7"
  resolved "https://registry.yarnpkg.com/three-fatline/-/three-fatline-0.2.7.tgz#de1a30b79d55188aaea20acc7c95a032877d0c04"

three-geojson-geometry@^1.0.5:
  version "1.0.5"
  resolved "https://registry.yarnpkg.com/three-geojson-geometry/-/three-geojson-geometry-1.0.5.tgz#5e6fd2aa17540231ca50da6d8e2904ee6e36f9da"
  dependencies:
    earcut "^2.2.1"

three-glow-mesh@^0.1.1:
  version "0.1.1"
  resolved "https://registry.yarnpkg.com/three-glow-mesh/-/three-glow-mesh-0.1.1.tgz#0accf2ef0c53620beeb9bfeb455a7319b8d54a11"

three@*:
  version "0.114.0"
  resolved "https://registry.yarnpkg.com/three/-/three-0.114.0.tgz#754d08467a950ddeef06a0c645a1302b130e455a"
  integrity sha512-3av45FxJeqYm7Rl02dfGBoqTaf2a934oUB4zMNrN8xjmASoSGeeykYoAr35+UntTdJDY/STw6CY3KuXFBWETig==

tinycolor2@^1.4.1:
  version "1.4.1"
  resolved "https://registry.yarnpkg.com/tinycolor2/-/tinycolor2-1.4.1.tgz#f4fad333447bc0b07d4dc8e9209d8f39a8ac77e8"

to-fast-properties@^2.0.0:
  version "2.0.0"
  resolved "https://registry.yarnpkg.com/to-fast-properties/-/to-fast-properties-2.0.0.tgz#dc5e698cbd079265bc73e0377681a4e4e83f616e"

unicode-canonical-property-names-ecmascript@^1.0.4:
  version "1.0.4"
  resolved "https://registry.yarnpkg.com/unicode-canonical-property-names-ecmascript/-/unicode-canonical-property-names-ecmascript-1.0.4.tgz#2619800c4c825800efdd8343af7dd9933cbe2818"

unicode-match-property-ecmascript@^1.0.4:
  version "1.0.4"
  resolved "https://registry.yarnpkg.com/unicode-match-property-ecmascript/-/unicode-match-property-ecmascript-1.0.4.tgz#8ed2a32569961bce9227d09cd3ffbb8fed5f020c"
  dependencies:
    unicode-canonical-property-names-ecmascript "^1.0.4"
    unicode-property-aliases-ecmascript "^1.0.4"

unicode-match-property-value-ecmascript@^1.1.0:
  version "1.1.0"
  resolved "https://registry.yarnpkg.com/unicode-match-property-value-ecmascript/-/unicode-match-property-value-ecmascript-1.1.0.tgz#5b4b426e08d13a80365e0d657ac7a6c1ec46a277"

unicode-property-aliases-ecmascript@^1.0.4:
  version "1.0.5"
  resolved "https://registry.yarnpkg.com/unicode-property-aliases-ecmascript/-/unicode-property-aliases-ecmascript-1.0.5.tgz#a9cc6cc7ce63a0a3023fc99e341b94431d405a57"

wrappy@1:
  version "1.0.2"
  resolved "https://registry.yarnpkg.com/wrappy/-/wrappy-1.0.2.tgz#b5243d8f3ec1aa35f1364605bc0d1036e30ab69f"
